
Microsoft Visual Studio Solution File, Format Version 12.00
# Visual Studio Version 17
VisualStudioVersion = 17.4.33110.190
MinimumVisualStudioVersion = 10.0.40219.1
Project("{FAE04EC0-301F-11D3-BF4B-00C04F79EFBC}") = "DataLayer", "DataLayer\DataLayer.csproj", "{258A5E33-F7C4-4990-8A21-E2CA1CB0454B}"
EndProject
Project("{FAE04EC0-301F-11D3-BF4B-00C04F79EFBC}") = "BussinessLogic", "BussinessLogic\BussinessLogic.csproj", "{126DB0C7-C0F2-4FE0-A7C1-27BDFFCBC77F}"
EndProject
Project("{FAE04EC0-301F-11D3-BF4B-00C04F79EFBC}") = "THUEPHONG", "THUEPHONG\THUEPHONG.csproj", "{C99F2B82-4CA6-440F-9253-A6F6B09371BC}"
EndProject
Global
	GlobalSection(SolutionConfigurationPlatforms) = preSolution
		Debug|Any CPU = Debug|Any CPU
		Release|Any CPU = Release|Any CPU
	EndGlobalSection
	GlobalSection(ProjectConfigurationPlatforms) = postSolution
		{258A5E33-F7C4-4990-8A21-E2CA1CB0454B}.Debug|Any CPU.ActiveCfg = Debug|Any CPU
		{258A5E33-F7C4-4990-8A21-E2CA1CB0454B}.Debug|Any CPU.Build.0 = Debug|Any CPU
		{258A5E33-F7C4-4990-8A21-E2CA1CB0454B}.Release|Any CPU.ActiveCfg = Release|Any CPU
		{258A5E33-F7C4-4990-8A21-E2CA1CB0454B}.Release|Any CPU.Build.0 = Release|Any CPU
		{126DB0C7-C0F2-4FE0-A7C1-27BDFFCBC77F}.Debug|Any CPU.ActiveCfg = Debug|Any CPU
		{126DB0C7-C0F2-4FE0-A7C1-27BDFFCBC77F}.Debug|Any CPU.Build.0 = Debug|Any CPU
		{126DB0C7-C0F2-4FE0-A7C1-27BDFFCBC77F}.Release|Any CPU.ActiveCfg = Release|Any CPU
		{126DB0C7-C0F2-4FE0-A7C1-27BDFFCBC77F}.Release|Any CPU.Build.0 = Release|Any CPU
		{C99F2B82-4CA6-440F-9253-A6F6B09371BC}.Debug|Any CPU.ActiveCfg = Debug|Any CPU
		{C99F2B82-4CA6-440F-9253-A6F6B09371BC}.Debug|Any CPU.Build.0 = Debug|Any CPU
		{C99F2B82-4CA6-440F-9253-A6F6B09371BC}.Release|Any CPU.ActiveCfg = Release|Any CPU
		{C99F2B82-4CA6-440F-9253-A6F6B09371BC}.Release|Any CPU.Build.0 = Release|Any CPU
	EndGlobalSection
	GlobalSection(SolutionProperties) = preSolution
		HideSolutionNode = FALSE
	EndGlobalSection
	GlobalSection(ExtensibilityGlobals) = postSolution
		SolutionGuid = {E4C434F0-B7F4-4C6B-8859-715D3775CE32}
	EndGlobalSection
EndGlobal
